// !$*UTF8*$!
{
	archiveVersion = 1;
	classes = {
	};
	objectVersion = 46;
	objects = {

/* Begin PBXBuildFile section */
		8A21E44319D53F1A00FFCB2F /* AppDelegate.swift in Sources */ = {isa = PBXBuildFile; fileRef = 8A21E44219D53F1A00FFCB2F /* AppDelegate.swift */; };
		8A21E44519D53F1A00FFCB2F /* ViewController.swift in Sources */ = {isa = PBXBuildFile; fileRef = 8A21E44419D53F1A00FFCB2F /* ViewController.swift */; };
		8A21E44819D53F1A00FFCB2F /* Main.storyboard in Resources */ = {isa = PBXBuildFile; fileRef = 8A21E44619D53F1A00FFCB2F /* Main.storyboard */; };
		8A21E44A19D53F1A00FFCB2F /* Images.xcassets in Resources */ = {isa = PBXBuildFile; fileRef = 8A21E44919D53F1A00FFCB2F /* Images.xcassets */; };
		8A21E44D19D53F1A00FFCB2F /* LaunchScreen.xib in Resources */ = {isa = PBXBuildFile; fileRef = 8A21E44B19D53F1A00FFCB2F /* LaunchScreen.xib */; };
		8A21E45919D53F1B00FFCB2F /* Tip_CalculatorTests.swift in Sources */ = {isa = PBXBuildFile; fileRef = 8A21E45819D53F1B00FFCB2F /* Tip_CalculatorTests.swift */; };
/* End PBXBuildFile section */

/* Begin PBXContainerItemProxy section */
		8A21E45319D53F1B00FFCB2F /* PBXContainerItemProxy */ = {
			isa = PBXContainerItemProxy;
			containerPortal = 8A21E43519D53F1A00FFCB2F /* Project object */;
			proxyType = 1;
			remoteGlobalIDString = 8A21E43C19D53F1A00FFCB2F;
			remoteInfo = "Tip Calculator";
		};
/* End PBXContainerItemProxy section */

/* Begin PBXFileReference section */
		8A21E43D19D53F1A00FFCB2F /* Tip Calculator.app */ = {isa = PBXFileReference; explicitFileType = wrapper.application; includeInIndex = 0; path = "Tip Calculator.app"; sourceTree = BUILT_PRODUCTS_DIR; };
		8A21E44119D53F1A00FFCB2F /* Info.plist */ = {isa = PBXFileReference; lastKnownFileType = text.plist.xml; path = Info.plist; sourceTree = "<group>"; };
		8A21E44219D53F1A00FFCB2F /* AppDelegate.swift */ = {isa = PBXFileReference; lastKnownFileType = sourcecode.swift; path = AppDelegate.swift; sourceTree = "<group>"; };
		8A21E44419D53F1A00FFCB2F /* ViewController.swift */ = {isa = PBXFileReference; lastKnownFileType = sourcecode.swift; path = ViewController.swift; sourceTree = "<group>"; };
		8A21E44719D53F1A00FFCB2F /* Base */ = {isa = PBXFileReference; lastKnownFileType = file.storyboard; name = Base; path = Base.lproj/Main.storyboard; sourceTree = "<group>"; };
		8A21E44919D53F1A00FFCB2F /* Images.xcassets */ = {isa = PBXFileReference; lastKnownFileType = folder.assetcatalog; path = Images.xcassets; sourceTree = "<group>"; };
		8A21E44C19D53F1A00FFCB2F /* Base */ = {isa = PBXFileReference; lastKnownFileType = file.xib; name = Base; path = Base.lproj/LaunchScreen.xib; sourceTree = "<group>"; };
		8A21E45219D53F1B00FFCB2F /* Tip CalculatorTests.xctest */ = {isa = PBXFileReference; explicitFileType = wrapper.cfbundle; includeInIndex = 0; path = "Tip CalculatorTests.xctest"; sourceTree = BUILT_PRODUCTS_DIR; };
		8A21E45719D53F1B00FFCB2F /* Info.plist */ = {isa = PBXFileReference; lastKnownFileType = text.plist.xml; path = Info.plist; sourceTree = "<group>"; };
		8A21E45819D53F1B00FFCB2F /* Tip_CalculatorTests.swift */ = {isa = PBXFileReference; lastKnownFileType = sourcecode.swift; path = Tip_CalculatorTests.swift; sourceTree = "<group>"; };
/* End PBXFileReference section */

/* Begin PBXFrameworksBuildPhase section */
		8A21E43A19D53F1A00FFCB2F /* Frameworks */ = {
			isa = PBXFrameworksBuildPhase;
			buildActionMask = 2147483647;
			files = (
			);
			runOnlyForDeploymentPostprocessing = 0;
		};
		8A21E44F19D53F1A00FFCB2F /* Frameworks */ = {
			isa = PBXFrameworksBuildPhase;
			buildActionMask = 2147483647;
			files = (
			);
			runOnlyForDeploymentPostprocessing = 0;
		};
/* End PBXFrameworksBuildPhase section */

/* Begin PBXGroup section */
		8A21E43419D53F1A00FFCB2F = {
			isa = PBXGroup;
			children = (
				8A21E43F19D53F1A00FFCB2F /* Tip Calculator */,
				8A21E45519D53F1B00FFCB2F /* Tip CalculatorTests */,
				8A21E43E19D53F1A00FFCB2F /* Products */,
			);
			sourceTree = "<group>";
		};
		8A21E43E19D53F1A00FFCB2F /* Products */ = {
			isa = PBXGroup;
			children = (
				8A21E43D19D53F1A00FFCB2F /* Tip Calculator.app */,
				8A21E45219D53F1B00FFCB2F /* Tip CalculatorTests.xctest */,
			);
			name = Products;
			sourceTree = "<group>";
		};
		8A21E43F19D53F1A00FFCB2F /* Tip Calculator */ = {
			isa = PBXGroup;
			children = (
				8A21E44219D53F1A00FFCB2F /* AppDelegate.swift */,
				8A21E44419D53F1A00FFCB2F /* ViewController.swift */,
				8A21E44619D53F1A00FFCB2F /* Main.storyboard */,
				8A21E44919D53F1A00FFCB2F /* Images.xcassets */,
				8A21E44B19D53F1A00FFCB2F /* LaunchScreen.xib */,
				8A21E44019D53F1A00FFCB2F /* Supporting Files */,
			);
			path = "Tip Calculator";
			sourceTree = "<group>";
		};
		8A21E44019D53F1A00FFCB2F /* Supporting Files */ = {
			isa = PBXGroup;
			children = (
				8A21E44119D53F1A00FFCB2F /* Info.plist */,
			);
			name = "Supporting Files";
			sourceTree = "<group>";
		};
		8A21E45519D53F1B00FFCB2F /* Tip CalculatorTests */ = {
			isa = PBXGroup;
			children = (
				8A21E45819D53F1B00FFCB2F /* Tip_CalculatorTests.swift */,
				8A21E45619D53F1B00FFCB2F /* Supporting Files */,
			);
			path = "Tip CalculatorTests";
			sourceTree = "<group>";
		};
		8A21E45619D53F1B00FFCB2F /* Supporting Files */ = {
			isa = PBXGroup;
			children = (
				8A21E45719D53F1B00FFCB2F /* Info.plist */,
			);
			name = "Supporting Files";
			sourceTree = "<group>";
		};
/* End PBXGroup section */

/* Begin PBXNativeTarget section */
		8A21E43C19D53F1A00FFCB2F /* Tip Calculator */ = {
			isa = PBXNativeTarget;
			buildConfigurationList = 8A21E45C19D53F1B00FFCB2F /* Build configuration list for PBXNativeTarget "Tip Calculator" */;
			buildPhases = (
				8A21E43919D53F1A00FFCB2F /* Sources */,
				8A21E43A19D53F1A00FFCB2F /* Frameworks */,
				8A21E43B19D53F1A00FFCB2F /* Resources */,
			);
			buildRules = (
			);
			dependencies = (
			);
			name = "Tip Calculator";
			productName = "Tip Calculator";
			productReference = 8A21E43D19D53F1A00FFCB2F /* Tip Calculator.app */;
			productType = "com.apple.product-type.application";
		};
		8A21E45119D53F1A00FFCB2F /* Tip CalculatorTests */ = {
			isa = PBXNativeTarget;
			buildConfigurationList = 8A21E45F19D53F1B00FFCB2F /* Build configuration list for PBXNativeTarget "Tip CalculatorTests" */;
			buildPhases = (
				8A21E44E19D53F1A00FFCB2F /* Sources */,
				8A21E44F19D53F1A00FFCB2F /* Frameworks */,
				8A21E45019D53F1A00FFCB2F /* Resources */,
			);
			buildRules = (
			);
			dependencies = (
				8A21E45419D53F1B00FFCB2F /* PBXTargetDependency */,
			);
			name = "Tip CalculatorTests";
			productName = "Tip CalculatorTests";
			productReference = 8A21E45219D53F1B00FFCB2F /* Tip CalculatorTests.xctest */;
			productType = "com.apple.product-type.bundle.unit-test";
		};
/* End PBXNativeTarget section */

/* Begin PBXProject section */
		8A21E43519D53F1A00FFCB2F /* Project object */ = {
			isa = PBXProject;
			attributes = {
				LastUpgradeCheck = 0600;
				ORGANIZATIONNAME = "Samuel Shih";
				TargetAttributes = {
					8A21E43C19D53F1A00FFCB2F = {
						CreatedOnToolsVersion = 6.0;
					};
					8A21E45119D53F1A00FFCB2F = {
						CreatedOnToolsVersion = 6.0;
						TestTargetID = 8A21E43C19D53F1A00FFCB2F;
					};
				};
			};
			buildConfigurationList = 8A21E43819D53F1A00FFCB2F /* Build configuration list for PBXProject "Tip Calculator" */;
			compatibilityVersion = "Xcode 3.2";
			developmentRegion = English;
			hasScannedForEncodings = 0;
			knownRegions = (
				en,
				Base,
			);
			mainGroup = 8A21E43419D53F1A00FFCB2F;
			productRefGroup = 8A21E43E19D53F1A00FFCB2F /* Products */;
			projectDirPath = "";
			projectRoot = "";
			targets = (
				8A21E43C19D53F1A00FFCB2F /* Tip Calculator */,
				8A21E45119D53F1A00FFCB2F /* Tip CalculatorTests */,
			);
		};
/* End PBXProject section */

/* Begin PBXResourcesBuildPhase section */
		8A21E43B19D53F1A00FFCB2F /* Resources */ = {
			isa = PBXResourcesBuildPhase;
			buildActionMask = 2147483647;
			files = (
				8A21E44819D53F1A00FFCB2F /* Main.storyboard in Resources */,
				8A21E44D19D53F1A00FFCB2F /* LaunchScreen.xib in Resources */,
				8A21E44A19D53F1A00FFCB2F /* Images.xcassets in Resources */,
			);
			runOnlyForDeploymentPostprocessing = 0;
		};
		8A21E45019D53F1A00FFCB2F /* Resources */ = {
			isa = PBXResourcesBuildPhase;
			buildActionMask = 2147483647;
			files = (
			);
			runOnlyForDeploymentPostprocessing = 0;
		};
/* End PBXResourcesBuildPhase section */

/* Begin PBXSourcesBuildPhase section */
		8A21E43919D53F1A00FFCB2F /* Sources */ = {
			isa = PBXSourcesBuildPhase;
			buildActionMask = 2147483647;
			files = (
				8A21E44519D53F1A00FFCB2F /* ViewController.swift in Sources */,
				8A21E44319D53F1A00FFCB2F /* AppDelegate.swift in Sources */,
			);
			runOnlyForDeploymentPostprocessing = 0;
		};
		8A21E44E19D53F1A00FFCB2F /* Sources */ = {
			isa = PBXSourcesBuildPhase;
			buildActionMask = 2147483647;
			files = (
				8A21E45919D53F1B00FFCB2F /* Tip_CalculatorTests.swift in Sources */,
			);
			runOnlyForDeploymentPostprocessing = 0;
		};
/* End PBXSourcesBuildPhase section */

/* Begin PBXTargetDependency section */
		8A21E45419D53F1B00FFCB2F /* PBXTargetDependency */ = {
			isa = PBXTargetDependency;
			target = 8A21E43C19D53F1A00FFCB2F /* Tip Calculator */;
			targetProxy = 8A21E45319D53F1B00FFCB2F /* PBXContainerItemProxy */;
		};
/* End PBXTargetDependency section */

/* Begin PBXVariantGroup section */
		8A21E44619D53F1A00FFCB2F /* Main.storyboard */ = {
			isa = PBXVariantGroup;
			children = (
				8A21E44719D53F1A00FFCB2F /* Base */,
			);
			name = Main.storyboard;
			sourceTree = "<group>";
		};
		8A21E44B19D53F1A00FFCB2F /* LaunchScreen.xib */ = {
			isa = PBXVariantGroup;
			children = (
				8A21E44C19D53F1A00FFCB2F /* Base */,
			);
			name = LaunchScreen.xib;
			sourceTree = "<group>";
		};
/* End PBXVariantGroup section */

/* Begin XCBuildConfiguration section */
		8A21E45A19D53F1B00FFCB2F /* Debug */ = {
			isa = XCBuildConfiguration;
			buildSettings = {
				ALWAYS_SEARCH_USER_PATHS = NO;
				CLANG_CXX_LANGUAGE_STANDARD = "gnu++0x";
				CLANG_CXX_LIBRARY = "libc++";
				CLANG_ENABLE_MODULES = YES;
				CLANG_ENABLE_OBJC_ARC = YES;
				CLANG_WARN_BOOL_CONVERSION = YES;
				CLANG_WARN_CONSTANT_CONVERSION = YES;
				CLANG_WARN_DIRECT_OBJC_ISA_USAGE = YES_ERROR;
				CLANG_WARN_EMPTY_BODY = YES;
				CLANG_WARN_ENUM_CONVERSION = YES;
				CLANG_WARN_INT_CONVERSION = YES;
				CLANG_WARN_OBJC_ROOT_CLASS = YES_ERROR;
				CLANG_WARN_UNREACHABLE_CODE = YES;
				CLANG_WARN__DUPLICATE_METHOD_MATCH = YES;
				"CODE_SIGN_IDENTITY[sdk=iphoneos*]" = "iPhone Developer";
				COPY_PHASE_STRIP = NO;
				ENABLE_STRICT_OBJC_MSGSEND = YES;
				GCC_C_LANGUAGE_STANDARD = gnu99;
				GCC_DYNAMIC_NO_PIC = NO;
				GCC_OPTIMIZATION_LEVEL = 0;
				GCC_PREPROCESSOR_DEFINITIONS = (
					"DEBUG=1",
					"$(inherited)",
				);
				GCC_SYMBOLS_PRIVATE_EXTERN = NO;
				GCC_WARN_64_TO_32_BIT_CONVERSION = YES;
				GCC_WARN_ABOUT_RETURN_TYPE = YES_ERROR;
				GCC_WARN_UNDECLARED_SELECTOR = YES;
				GCC_WARN_UNINITIALIZED_AUTOS = YES_AGGRESSIVE;
				GCC_WARN_UNUSED_FUNCTION = YES;
				GCC_WARN_UNUSED_VARIABLE = YES;
				IPHONEOS_DEPLOYMENT_TARGET = 8.0;
				MTL_ENABLE_DEBUG_INFO = YES;
				ONLY_ACTIVE_ARCH = YES;
				SDKROOT = iphoneos;
				SWIFT_OPTIMIZATION_LEVEL = "-Onone";
			};
			name = Debug;
		};
		8A21E45B19D53F1B00FFCB2F /* Release */ = {
			isa = XCBuildConfiguration;
			buildSettings = {
				ALWAYS_SEARCH_USER_PATHS = NO;
				CLANG_CXX_LANGUAGE_STANDARD = "gnu++0x";
				CLANG_CXX_LIBRARY = "libc++";
				CLANG_ENABLE_MODULES = YES;
				CLANG_ENABLE_OBJC_ARC = YES;
				CLANG_WARN_BOOL_CONVERSION = YES;
				CLANG_WARN_CONSTANT_CONVERSION = YES;
				CLANG_WARN_DIRECT_OBJC_ISA_USAGE = YES_ERROR;
				CLANG_WARN_EMPTY_BODY = YES;
				CLANG_WARN_ENUM_CONVERSION = YES;
				CLANG_WARN_INT_CONVERSION = YES;
				CLANG_WARN_OBJC_ROOT_CLASS = YES_ERROR;
				CLANG_WARN_UNREACHABLE_CODE = YES;
				CLANG_WARN__DUPLICATE_METHOD_MATCH = YES;
				"CODE_SIGN_IDENTITY[sdk=iphoneos*]" = "iPhone Developer";
				COPY_PHASE_STRIP = YES;
				ENABLE_NS_ASSERTIONS = NO;
				ENABLE_STRICT_OBJC_MSGSEND = YES;
				GCC_C_LANGUAGE_STANDARD = gnu99;
				GCC_WARN_64_TO_32_BIT_CONVERSION = YES;
				GCC_WARN_ABOUT_RETURN_TYPE = YES_ERROR;
				GCC_WARN_UNDECLARED_SELECTOR = YES;
				GCC_WARN_UNINITIALIZED_AUTOS = YES_AGGRESSIVE;
				GCC_WARN_UNUSED_FUNCTION = YES;
				GCC_WARN_UNUSED_VARIABLE = YES;
				IPHONEOS_DEPLOYMENT_TARGET = 8.0;
				MTL_ENABLE_DEBUG_INFO = NO;
				SDKROOT = iphoneos;
				VALIDATE_PRODUCT = YES;
			};
			name = Release;
		};
		8A21E45D19D53F1B00FFCB2F /* Debug */ = {
			isa = XCBuildConfiguration;
			buildSettings = {
				ASSETCATALOG_COMPILER_APPICON_NAME = AppIcon;
				INFOPLIST_FILE = "Tip Calculator/Info.plist";
				LD_RUNPATH_SEARCH_PATHS = "$(inherited) @executable_path/Frameworks";
				PRODUCT_NAME = "$(TARGET_NAME)";
			};
			name = Debug;
		};
		8A21E45E19D53F1B00FFCB2F /* Release */ = {
			isa = XCBuildConfiguration;
			buildSettings = {
				ASSETCATALOG_COMPILER_APPICON_NAME = AppIcon;
				INFOPLIST_FILE = "Tip Calculator/Info.plist";
				LD_RUNPATH_SEARCH_PATHS = "$(inherited) @executable_path/Frameworks";
				PRODUCT_NAME = "$(TARGET_NAME)";
			};
			name = Release;
		};
		8A21E46019D53F1B00FFCB2F /* Debug */ = {
			isa = XCBuildConfiguration;
			buildSettings = {
				BUNDLE_LOADER = "$(TEST_HOST)";
				FRAMEWORK_SEARCH_PATHS = (
					"$(SDKROOT)/Developer/Library/Frameworks",
					"$(inherited)",
				);
				GCC_PREPROCESSOR_DEFINITIONS = (
					"DEBUG=1",
					"$(inherited)",
				);
				INFOPLIST_FILE = "Tip CalculatorTests/Info.plist";
				LD_RUNPATH_SEARCH_PATHS = "$(inherited) @executable_path/Frameworks @loader_path/Frameworks";
				PRODUCT_NAME = "$(TARGET_NAME)";
				TEST_HOST = "$(BUILT_PRODUCTS_DIR)/Tip Calculator.app/Tip Calculator";
			};
			name = Debug;
		};
		8A21E46119D53F1B00FFCB2F /* Release */ = {
			isa = XCBuildConfiguration;
			buildSettings = {
				BUNDLE_LOADER = "$(TEST_HOST)";
				FRAMEWORK_SEARCH_PATHS = (
					"$(SDKROOT)/Developer/Library/Frameworks",
					"$(inherited)",
				);
				INFOPLIST_FILE = "Tip CalculatorTests/Info.plist";
				LD_RUNPATH_SEARCH_PATHS = "$(inherited) @executable_path/Frameworks @loader_path/Frameworks";
				PRODUCT_NAME = "$(TARGET_NAME)";
				TEST_HOST = "$(BUILT_PRODUCTS_DIR)/Tip Calculator.app/Tip Calculator";
			};
			name = Release;
		};
/* End XCBuildConfiguration section */

/* Begin XCConfigurationList section */
		8A21E43819D53F1A00FFCB2F /* Build configuration list for PBXProject "Tip Calculator" */ = {
			isa = XCConfigurationList;
			buildConfigurations = (
				8A21E45A19D53F1B00FFCB2F /* Debug */,
				8A21E45B19D53F1B00FFCB2F /* Release */,
			);
			defaultConfigurationIsVisible = 0;
			defaultConfigurationName = Release;
		};
		8A21E45C19D53F1B00FFCB2F /* Build configuration list for PBXNativeTarget "Tip Calculator" */ = {
			isa = XCConfigurationList;
			buildConfigurations = (
				8A21E45D19D53F1B00FFCB2F /* Debug */,
				8A21E45E19D53F1B00FFCB2F /* Release */,
			);
			defaultConfigurationIsVisible = 0;
		};
		8A21E45F19D53F1B00FFCB2F /* Build configuration list for PBXNativeTarget "Tip CalculatorTests" */ = {
			isa = XCConfigurationList;
			buildConfigurations = (
				8A21E46019D53F1B00FFCB2F /* Debug */,
				8A21E46119D53F1B00FFCB2F /* Release */,
			);
			defaultConfigurationIsVisible = 0;
		};
/* End XCConfigurationList section */
	};
	rootObject = 8A21E43519D53F1A00FFCB2F /* Project object */;
}
